
Microsoft Visual Studio Solution File, Format Version 12.00
# Visual Studio Version 17
VisualStudioVersion = 17.5.33516.290
MinimumVisualStudioVersion = 10.0.40219.1
Project("{FAE04EC0-301F-11D3-BF4B-00C04F79EFBC}") = "GBwebAPI", "GBwebAPI\GBwebAPI.csproj", "{B1302B29-CDB5-4340-9D10-847780C4D082}"
EndProject
Global
	GlobalSection(SolutionConfigurationPlatforms) = preSolution
		Debug|Any CPU = Debug|Any CPU
		Release|Any CPU = Release|Any CPU
	EndGlobalSection
	GlobalSection(ProjectConfigurationPlatforms) = postSolution
		{B1302B29-CDB5-4340-9D10-847780C4D082}.Debug|Any CPU.ActiveCfg = Debug|Any CPU
		{B1302B29-CDB5-4340-9D10-847780C4D082}.Debug|Any CPU.Build.0 = Debug|Any CPU
		{B1302B29-CDB5-4340-9D10-847780C4D082}.Release|Any CPU.ActiveCfg = Release|Any CPU
		{B1302B29-CDB5-4340-9D10-847780C4D082}.Release|Any CPU.Build.0 = Release|Any CPU
	EndGlobalSection
	GlobalSection(SolutionProperties) = preSolution
		HideSolutionNode = FALSE
	EndGlobalSection
	GlobalSection(ExtensibilityGlobals) = postSolution
		SolutionGuid = {AE5C5CE2-3E93-484C-B192-DA60E169FF90}
	EndGlobalSection
EndGlobal
